PODS:
  - SnapKit (5.0.1)
  - SwiftSoup (2.3.0)

DEPENDENCIES:
  - SnapKit (~> 5.0.0)
  - SwiftSoup

SPEC REPOS:
  trunk:
    - SnapKit
    - SwiftSoup

SPEC CHECKSUMS:
  SnapKit: 97b92857e3df3a0c71833cce143274bf6ef8e5eb
  SwiftSoup: d78683f7ea0ae5733225a9e1d3bee5b256449df4

PODFILE CHECKSUM: 170dae22579bb757c0cec52ae08cc5248dc915ac

COCOAPODS: 1.8.4
